b923d64555f5750e3ad2a2406170f61e24fc3661179524a340a24d14c896b621  mainnet_block_7242623_get_block_with_txs.json
0d6dffbdcf84f684111fd867d90acbe3dc4b8e0eff41114b80d5c9cb3277e780  mainnet_block_7242623_get_state_update.json
a8d71d654cea047581182c7e40c4bec2d30cfd3da4845bc7255af0559e6fe9bc  mainnet_block_7242624_get_block_with_txs.json
0f79fd0f47dcc52d249bdb3b59978220670cbd03ee7376dc95c722c92bb65e35  mainnet_block_7242624_get_state_update.json
b707a4013af537202b1e31c2f42b4b444df7bc70e125d91e8c579522db5612ea  mainnet_block_7242625_get_block_with_txs.json
fdc532aeefd83e7e19f8024ccc1443fa321d93611a1a17184a8d0930db1aa260  mainnet_block_7242625_get_state_update.json
